{
  "originHash" : "418c0745903f9f4845a95f33bb7f8deefe79b21c4d3129cc1c5a6aeb09deecfc",
  "pins" : [
    {
      "identity" : "aquarium",
      "kind" : "remoteSourceControl",
      "location" : "https://github.com/dkoster95/Aquarium.git",
      "state" : {
        "revision" : "7b470ef8cffc54a6c56dbb51287f03eb9d382d57",
        "version" : "1.0.2"
      }
    },
    {
      "identity" : "quickhatchhttp",
      "kind" : "remoteSourceControl",
      "location" : "https://github.com/dkoster95/QuickHatchHTTP.git",
      "state" : {
        "revision" : "696456d7fec4f2ff5a47d03923f190c29203df64",
        "version" : "1.0.2"
      }
    }
  ],
  "version" : 3
}
