{
  "originHash" : "7254cbe941ad857efe57cbfe858c499c9b42320268a5349780f12f8b8bd74147",
  "pins" : [
    {
      "identity" : "aquarium",
      "kind" : "remoteSourceControl",
      "location" : "https://github.com/dkoster95/Aquarium.git",
      "state" : {
        "revision" : "7b470ef8cffc54a6c56dbb51287f03eb9d382d57",
        "version" : "1.0.2"
      }
    },
    {
      "identity" : "quickhatchhttp",
      "kind" : "remoteSourceControl",
      "location" : "https://github.com/dkoster95/QuickHatchHTTP.git",
      "state" : {
        "revision" : "81e0e265c64304b5e9aff702e0434502e63bcf9d",
        "version" : "1.0.1"
      }
    }
  ],
  "version" : 3
}
